
Microsoft Visual Studio Solution File, Format Version 12.00
# Visual Studio Version 17
VisualStudioVersion = 17.7.34031.279
MinimumVisualStudioVersion = 10.0.40219.1
Project("{FAE04EC0-301F-11D3-BF4B-00C04F79EFBC}") = "ShipGame", "ShipGame.csproj", "{B31FBA27-5B98-4F60-813A-CC0834478FC7}"
EndProject
Global
	GlobalSection(SolutionConfigurationPlatforms) = preSolution
		Debug|Any CPU = Debug|Any CPU
		Release|Any CPU = Release|Any CPU
	EndGlobalSection
	GlobalSection(ProjectConfigurationPlatforms) = postSolution
		{B31FBA27-5B98-4F60-813A-CC0834478FC7}.Debug|Any CPU.ActiveCfg = Debug|Any CPU
		{B31FBA27-5B98-4F60-813A-CC0834478FC7}.Debug|Any CPU.Build.0 = Debug|Any CPU
		{B31FBA27-5B98-4F60-813A-CC0834478FC7}.Release|Any CPU.ActiveCfg = Release|Any CPU
		{B31FBA27-5B98-4F60-813A-CC0834478FC7}.Release|Any CPU.Build.0 = Release|Any CPU
	EndGlobalSection
	GlobalSection(SolutionProperties) = preSolution
		HideSolutionNode = FALSE
	EndGlobalSection
	GlobalSection(ExtensibilityGlobals) = postSolution
		SolutionGuid = {3B802399-B4FC-44D0-99B7-9EF13BE30EBD}
	EndGlobalSection
EndGlobal
